
Microsoft Visual Studio Solution File, Format Version 12.00
# Visual Studio 15
Project("{FAE04EC0-301F-11D3-BF4B-00C04F79EFBC}") = "Assembly-CSharp", "Assembly-CSharp.csproj", "{D2E67523-11AB-E168-5839-AE9BD8A15ABD}"
EndProject
Project("{FAE04EC0-301F-11D3-BF4B-00C04F79EFBC}") = "Assembly-CSharp-firstpass", "Assembly-CSharp-firstpass.csproj", "{B62CF6BF-ED95-C90F-EC4D-004DF5814BF7}"
EndProject
Project("{FAE04EC0-301F-11D3-BF4B-00C04F79EFBC}") = "Assembly-CSharp-Editor", "Assembly-CSharp-Editor.csproj", "{C19440D9-8D3C-5EAE-B53A-D69178162829}"
EndProject
Project("{FAE04EC0-301F-11D3-BF4B-00C04F79EFBC}") = "Assembly-CSharp-Editor-firstpass", "Assembly-CSharp-Editor-firstpass.csproj", "{09C1771B-06EB-0EB3-8C67-01E71CB2D9AD}"
EndProject
Global
	GlobalSection(SolutionConfigurationPlatforms) = preSolution
		Debug|Any CPU = Debug|Any CPU
		Release|Any CPU = Release|Any CPU
	EndGlobalSection
	GlobalSection(ProjectConfigurationPlatforms) = postSolution
		{D2E67523-11AB-E168-5839-AE9BD8A15ABD}.Debug|Any CPU.ActiveCfg = Debug|Any CPU
		{D2E67523-11AB-E168-5839-AE9BD8A15ABD}.Debug|Any CPU.Build.0 = Debug|Any CPU
		{D2E67523-11AB-E168-5839-AE9BD8A15ABD}.Release|Any CPU.ActiveCfg = Release|Any CPU
		{D2E67523-11AB-E168-5839-AE9BD8A15ABD}.Release|Any CPU.Build.0 = Release|Any CPU
		{B62CF6BF-ED95-C90F-EC4D-004DF5814BF7}.Debug|Any CPU.ActiveCfg = Debug|Any CPU
		{B62CF6BF-ED95-C90F-EC4D-004DF5814BF7}.Debug|Any CPU.Build.0 = Debug|Any CPU
		{B62CF6BF-ED95-C90F-EC4D-004DF5814BF7}.Release|Any CPU.ActiveCfg = Release|Any CPU
		{B62CF6BF-ED95-C90F-EC4D-004DF5814BF7}.Release|Any CPU.Build.0 = Release|Any CPU
		{C19440D9-8D3C-5EAE-B53A-D69178162829}.Debug|Any CPU.ActiveCfg = Debug|Any CPU
		{C19440D9-8D3C-5EAE-B53A-D69178162829}.Debug|Any CPU.Build.0 = Debug|Any CPU
		{C19440D9-8D3C-5EAE-B53A-D69178162829}.Release|Any CPU.ActiveCfg = Release|Any CPU
		{C19440D9-8D3C-5EAE-B53A-D69178162829}.Release|Any CPU.Build.0 = Release|Any CPU
		{09C1771B-06EB-0EB3-8C67-01E71CB2D9AD}.Debug|Any CPU.ActiveCfg = Debug|Any CPU
		{09C1771B-06EB-0EB3-8C67-01E71CB2D9AD}.Debug|Any CPU.Build.0 = Debug|Any CPU
		{09C1771B-06EB-0EB3-8C67-01E71CB2D9AD}.Release|Any CPU.ActiveCfg = Release|Any CPU
		{09C1771B-06EB-0EB3-8C67-01E71CB2D9AD}.Release|Any CPU.Build.0 = Release|Any CPU
	EndGlobalSection
	GlobalSection(SolutionProperties) = preSolution
		HideSolutionNode = FALSE
	EndGlobalSection
EndGlobal
