
Microsoft Visual Studio Solution File, Format Version 12.00
# Visual Studio 15
Project("{FAE04EC0-301F-11D3-BF4B-00C04F79EFBC}") = "Assembly-CSharp", "Assembly-CSharp.csproj", "{3FCB4062-DF98-F147-C324-BD2C25029AE8}"
EndProject
Project("{FAE04EC0-301F-11D3-BF4B-00C04F79EFBC}") = "Assembly-CSharp-firstpass", "Assembly-CSharp-firstpass.csproj", "{AA053439-E80B-A87A-C6F7-29DF974E9A12}"
EndProject
Project("{FAE04EC0-301F-11D3-BF4B-00C04F79EFBC}") = "RadicalForge.Blockout", "RadicalForge.Blockout.csproj", "{E0ED0171-6C79-F1F2-DDA0-3FA577E1737B}"
EndProject
Project("{FAE04EC0-301F-11D3-BF4B-00C04F79EFBC}") = "Assembly-CSharp-Editor", "Assembly-CSharp-Editor.csproj", "{5DBB0C5F-FB51-95EB-8572-E66DB0FE37C9}"
EndProject
Project("{FAE04EC0-301F-11D3-BF4B-00C04F79EFBC}") = "Assembly-CSharp-Editor-firstpass", "Assembly-CSharp-Editor-firstpass.csproj", "{8AD85AC6-060B-16F8-00A2-6CB49350CB77}"
EndProject
Project("{FAE04EC0-301F-11D3-BF4B-00C04F79EFBC}") = "RadicalForge.Blockout.Editor", "RadicalForge.Blockout.Editor.csproj", "{231ABF74-6F02-8716-BF85-1648D7C895B4}"
EndProject
Global
	GlobalSection(SolutionConfigurationPlatforms) = preSolution
		Debug|Any CPU = Debug|Any CPU
		Release|Any CPU = Release|Any CPU
	EndGlobalSection
	GlobalSection(ProjectConfigurationPlatforms) = postSolution
		{3FCB4062-DF98-F147-C324-BD2C25029AE8}.Debug|Any CPU.ActiveCfg = Debug|Any CPU
		{3FCB4062-DF98-F147-C324-BD2C25029AE8}.Debug|Any CPU.Build.0 = Debug|Any CPU
		{3FCB4062-DF98-F147-C324-BD2C25029AE8}.Release|Any CPU.ActiveCfg = Release|Any CPU
		{3FCB4062-DF98-F147-C324-BD2C25029AE8}.Release|Any CPU.Build.0 = Release|Any CPU
		{AA053439-E80B-A87A-C6F7-29DF974E9A12}.Debug|Any CPU.ActiveCfg = Debug|Any CPU
		{AA053439-E80B-A87A-C6F7-29DF974E9A12}.Debug|Any CPU.Build.0 = Debug|Any CPU
		{AA053439-E80B-A87A-C6F7-29DF974E9A12}.Release|Any CPU.ActiveCfg = Release|Any CPU
		{AA053439-E80B-A87A-C6F7-29DF974E9A12}.Release|Any CPU.Build.0 = Release|Any CPU
		{E0ED0171-6C79-F1F2-DDA0-3FA577E1737B}.Debug|Any CPU.ActiveCfg = Debug|Any CPU
		{E0ED0171-6C79-F1F2-DDA0-3FA577E1737B}.Debug|Any CPU.Build.0 = Debug|Any CPU
		{E0ED0171-6C79-F1F2-DDA0-3FA577E1737B}.Release|Any CPU.ActiveCfg = Release|Any CPU
		{E0ED0171-6C79-F1F2-DDA0-3FA577E1737B}.Release|Any CPU.Build.0 = Release|Any CPU
		{5DBB0C5F-FB51-95EB-8572-E66DB0FE37C9}.Debug|Any CPU.ActiveCfg = Debug|Any CPU
		{5DBB0C5F-FB51-95EB-8572-E66DB0FE37C9}.Debug|Any CPU.Build.0 = Debug|Any CPU
		{5DBB0C5F-FB51-95EB-8572-E66DB0FE37C9}.Release|Any CPU.ActiveCfg = Release|Any CPU
		{5DBB0C5F-FB51-95EB-8572-E66DB0FE37C9}.Release|Any CPU.Build.0 = Release|Any CPU
		{8AD85AC6-060B-16F8-00A2-6CB49350CB77}.Debug|Any CPU.ActiveCfg = Debug|Any CPU
		{8AD85AC6-060B-16F8-00A2-6CB49350CB77}.Debug|Any CPU.Build.0 = Debug|Any CPU
		{8AD85AC6-060B-16F8-00A2-6CB49350CB77}.Release|Any CPU.ActiveCfg = Release|Any CPU
		{8AD85AC6-060B-16F8-00A2-6CB49350CB77}.Release|Any CPU.Build.0 = Release|Any CPU
		{231ABF74-6F02-8716-BF85-1648D7C895B4}.Debug|Any CPU.ActiveCfg = Debug|Any CPU
		{231ABF74-6F02-8716-BF85-1648D7C895B4}.Debug|Any CPU.Build.0 = Debug|Any CPU
		{231ABF74-6F02-8716-BF85-1648D7C895B4}.Release|Any CPU.ActiveCfg = Release|Any CPU
		{231ABF74-6F02-8716-BF85-1648D7C895B4}.Release|Any CPU.Build.0 = Release|Any CPU
	EndGlobalSection
	GlobalSection(SolutionProperties) = preSolution
		HideSolutionNode = FALSE
	EndGlobalSection
EndGlobal
